# This file is autogenerated, do not edit; changes may be undone by the next 'dep ensure'.


[[projects]]
  branch = "master"
  digest = "1:47c510f2c9b68bc55d21972d41902c0e22704a751b6fa3161e866041452246be"
  name = "github.com/dafanasev/go-yandex-dictionary"
  packages = ["."]
  pruneopts = "UT"
  revision = "62517a1139fe497a745ca792e38c2db0da114574"

[[projects]]
  branch = "master"
  digest = "1:c8175cb0e9d061adc7fa228856297107301f2c6fd83bcb3847c9cce95ddbdd7f"
  name = "github.com/dafanasev/go-yandex-translate"
  packages = ["."]
  pruneopts = "UT"
  revision = "68755d2e6c76f52779ae7495dc955779ebfa68ec"

[[projects]]
  digest = "1:a2c1d0e43bd3baaa071d1b9ed72c27d78169b2b269f71c105ac4ba34b1be4a39"
  name = "github.com/davecgh/go-spew"
  packages = ["spew"]
  pruneopts = "UT"
  revision = "346938d642f2ec3594ed81d874461961cd0faa76"
  version = "v1.1.0"

[[projects]]
  digest = "1:5f60960edc786fde3d2dcd0742ff897327703b8a755b789ae7984cc975e3f5a2"
  name = "github.com/gobuffalo/packr"
  packages = ["."]
  pruneopts = "UT"
  revision = "4399355520ba52518a972ac16c24f6eb8a1610c1"
  version = "v1.13.1"

[[projects]]
  digest = "1:a2cff208d4759f6ba1b1cd228587b0a1869f95f22542ec9cd17fff64430113c7"
  name = "github.com/jessevdk/go-flags"
  packages = ["."]
  pruneopts = "UT"
  revision = "c6ca198ec95c841fdb89fc0de7496fed11ab854e"
  version = "v1.4.0"

[[projects]]
  digest = "1:40e195917a951a8bf867cd05de2a46aaf1806c50cf92eebf4c16f78cd196f747"
  name = "github.com/pkg/errors"
  packages = ["."]
  pruneopts = "UT"
  revision = "645ef00459ed84a119197bfb8d8205042c6df63d"
  version = "v0.8.0"

[[projects]]
  digest = "1:0028cb19b2e4c3112225cd871870f2d9cf49b9b4276531f03438a88e94be86fe"
  name = "github.com/pmezard/go-difflib"
  packages = ["difflib"]
  pruneopts = "UT"
  revision = "792786c7400a136282c1664665ae0a8db921c6c2"
  version = "v1.0.0"

[[projects]]
  digest = "1:c40d65817cdd41fac9aa7af8bed56927bb2d6d47e4fea566a74880f5c2b1c41e"
  name = "github.com/stretchr/testify"
  packages = [
    "assert",
    "require",
  ]
  pruneopts = "UT"
  revision = "f35b8ab0b5a2cef36673838d662e249dd9c94686"
  version = "v1.2.2"

[solve-meta]
  analyzer-name = "dep"
  analyzer-version = 1
  input-imports = [
    "github.com/dafanasev/go-yandex-dictionary",
    "github.com/dafanasev/go-yandex-translate",
    "github.com/gobuffalo/packr",
    "github.com/jessevdk/go-flags",
    "github.com/pkg/errors",
    "github.com/stretchr/testify/assert",
    "github.com/stretchr/testify/require",
  ]
  solver-name = "gps-cdcl"
  solver-version = 1
